
Microsoft Visual Studio Solution File, Format Version 12.00
Project("{FAE04EC0-301F-11D3-BF4B-00C04F79EFBC}") = "RedRiftGame", "RedRiftGame\RedRiftGame.csproj", "{388BC9AF-656A-4A39-9EC9-458C6CE4F2AA}"
EndProject
Global
	GlobalSection(SolutionConfigurationPlatforms) = preSolution
		Debug|Any CPU = Debug|Any CPU
		Release|Any CPU = Release|Any CPU
	EndGlobalSection
	GlobalSection(ProjectConfigurationPlatforms) = postSolution
		{388BC9AF-656A-4A39-9EC9-458C6CE4F2AA}.Debug|Any CPU.ActiveCfg = Debug|Any CPU
		{388BC9AF-656A-4A39-9EC9-458C6CE4F2AA}.Debug|Any CPU.Build.0 = Debug|Any CPU
		{388BC9AF-656A-4A39-9EC9-458C6CE4F2AA}.Release|Any CPU.ActiveCfg = Release|Any CPU
		{388BC9AF-656A-4A39-9EC9-458C6CE4F2AA}.Release|Any CPU.Build.0 = Release|Any CPU
	EndGlobalSection
EndGlobal
